// !$*UTF8*$!
{
	archiveVersion = 1;
	classes = {
	};
	objectVersion = 56;
	objects = {

/* Begin PBXBuildFile section */
		D60AB2152AB1870E00108148 /* ChefDeliveryApp.swift in Sources */ = {isa = PBXBuildFile; fileRef = D60AB2142AB1870E00108148 /* ChefDeliveryApp.swift */; };
		D60AB2172AB1870E00108148 /* ContentView.swift in Sources */ = {isa = PBXBuildFile; fileRef = D60AB2162AB1870E00108148 /* ContentView.swift */; };
		D60AB2192AB1871100108148 /* Assets.xcassets in Resources */ = {isa = PBXBuildFile; fileRef = D60AB2182AB1871100108148 /* Assets.xcassets */; };
		D60AB21C2AB1871100108148 /* Preview Assets.xcassets in Resources */ = {isa = PBXBuildFile; fileRef = D60AB21B2AB1871100108148 /* Preview Assets.xcassets */; };
		D60AB2282AB1AB2800108148 /* NavigationBar.swift in Sources */ = {isa = PBXBuildFile; fileRef = D60AB2272AB1AB2800108148 /* NavigationBar.swift */; };
		D60AB22B2AB1B91E00108148 /* OrderTypeGridView.swift in Sources */ = {isa = PBXBuildFile; fileRef = D60AB22A2AB1B91E00108148 /* OrderTypeGridView.swift */; };
		D60AB22E2AB1BFED00108148 /* OrderType.swift in Sources */ = {isa = PBXBuildFile; fileRef = D60AB22D2AB1BFED00108148 /* OrderType.swift */; };
		D60AB2302AB1C0C600108148 /* DataSourceMock.swift in Sources */ = {isa = PBXBuildFile; fileRef = D60AB22F2AB1C0C600108148 /* DataSourceMock.swift */; };
		D60AB2322AB1CB8500108148 /* OrderTypeView.swift in Sources */ = {isa = PBXBuildFile; fileRef = D60AB2312AB1CB8500108148 /* OrderTypeView.swift */; };
		D60AB2362AB1F23300108148 /* CarouselItemView.swift in Sources */ = {isa = PBXBuildFile; fileRef = D60AB2352AB1F23300108148 /* CarouselItemView.swift */; };
		D60AB2382AB1F71F00108148 /* CarouselTabView.swift in Sources */ = {isa = PBXBuildFile; fileRef = D60AB2372AB1F71F00108148 /* CarouselTabView.swift */; };
		D60AB23B2AB201AD00108148 /* StoreItemView.swift in Sources */ = {isa = PBXBuildFile; fileRef = D60AB23A2AB201AD00108148 /* StoreItemView.swift */; };
		D60AB23E2AB23D1300108148 /* StoresContainerView.swift in Sources */ = {isa = PBXBuildFile; fileRef = D60AB23D2AB23D1300108148 /* StoresContainerView.swift */; };
		D60AB2422AB2585B00108148 /* StoreDetailView.swift in Sources */ = {isa = PBXBuildFile; fileRef = D60AB2412AB2585B00108148 /* StoreDetailView.swift */; };
		D60AB2442AB25DF800108148 /* StoreType.swift in Sources */ = {isa = PBXBuildFile; fileRef = D60AB2432AB25DF800108148 /* StoreType.swift */; };
		D60AB2462AB25E6700108148 /* ProductType.swift in Sources */ = {isa = PBXBuildFile; fileRef = D60AB2452AB25E6700108148 /* ProductType.swift */; };
		D60AB24A2AB2B1B200108148 /* Double+.swift in Sources */ = {isa = PBXBuildFile; fileRef = D60AB2492AB2B1B200108148 /* Double+.swift */; };
		D60AB24C2AB2EC1B00108148 /* ProductDetailview.swift in Sources */ = {isa = PBXBuildFile; fileRef = D60AB24B2AB2EC1B00108148 /* ProductDetailview.swift */; };
		D60AB2502AB3159200108148 /* CardInfoProductView.swift in Sources */ = {isa = PBXBuildFile; fileRef = D60AB24F2AB3159200108148 /* CardInfoProductView.swift */; };
		D60AB2522AB3171300108148 /* TextAndLogoView.swift in Sources */ = {isa = PBXBuildFile; fileRef = D60AB2512AB3171300108148 /* TextAndLogoView.swift */; };
		D60AB2542AB3182400108148 /* AddressInfoView.swift in Sources */ = {isa = PBXBuildFile; fileRef = D60AB2532AB3182400108148 /* AddressInfoView.swift */; };
		D60AB2582AB31EBE00108148 /* ProductDetailHeaderView.swift in Sources */ = {isa = PBXBuildFile; fileRef = D60AB2572AB31EBE00108148 /* ProductDetailHeaderView.swift */; };
		D60AB25A2AB31F7700108148 /* ProductDetailQuantityView.swift in Sources */ = {isa = PBXBuildFile; fileRef = D60AB2592AB31F7700108148 /* ProductDetailQuantityView.swift */; };
/* End PBXBuildFile section */

/* Begin PBXFileReference section */
		D60AB2112AB1870E00108148 /* ChefDelivery.app */ = {isa = PBXFileReference; explicitFileType = wrapper.application; includeInIndex = 0; path = ChefDelivery.app; sourceTree = BUILT_PRODUCTS_DIR; };
		D60AB2142AB1870E00108148 /* ChefDeliveryApp.swift */ = {isa = PBXFileReference; lastKnownFileType = sourcecode.swift; path = ChefDeliveryApp.swift; sourceTree = "<group>"; };
		D60AB2162AB1870E00108148 /* ContentView.swift */ = {isa = PBXFileReference; lastKnownFileType = sourcecode.swift; path = ContentView.swift; sourceTree = "<group>"; };
		D60AB2182AB1871100108148 /* Assets.xcassets */ = {isa = PBXFileReference; lastKnownFileType = folder.assetcatalog; path = Assets.xcassets; sourceTree = "<group>"; };
		D60AB21B2AB1871100108148 /* Preview Assets.xcassets */ = {isa = PBXFileReference; lastKnownFileType = folder.assetcatalog; path = "Preview Assets.xcassets"; sourceTree = "<group>"; };
		D60AB2272AB1AB2800108148 /* NavigationBar.swift */ = {isa = PBXFileReference; lastKnownFileType = sourcecode.swift; path = NavigationBar.swift; sourceTree = "<group>"; };
		D60AB22A2AB1B91E00108148 /* OrderTypeGridView.swift */ = {isa = PBXFileReference; lastKnownFileType = sourcecode.swift; path = OrderTypeGridView.swift; sourceTree = "<group>"; };
		D60AB22D2AB1BFED00108148 /* OrderType.swift */ = {isa = PBXFileReference; lastKnownFileType = sourcecode.swift; path = OrderType.swift; sourceTree = "<group>"; };
		D60AB22F2AB1C0C600108148 /* DataSourceMock.swift */ = {isa = PBXFileReference; lastKnownFileType = sourcecode.swift; path = DataSourceMock.swift; sourceTree = "<group>"; };
		D60AB2312AB1CB8500108148 /* OrderTypeView.swift */ = {isa = PBXFileReference; lastKnownFileType = sourcecode.swift; path = OrderTypeView.swift; sourceTree = "<group>"; };
		D60AB2352AB1F23300108148 /* CarouselItemView.swift */ = {isa = PBXFileReference; lastKnownFileType = sourcecode.swift; path = CarouselItemView.swift; sourceTree = "<group>"; };
		D60AB2372AB1F71F00108148 /* CarouselTabView.swift */ = {isa = PBXFileReference; lastKnownFileType = sourcecode.swift; path = CarouselTabView.swift; sourceTree = "<group>"; };
		D60AB23A2AB201AD00108148 /* StoreItemView.swift */ = {isa = PBXFileReference; lastKnownFileType = sourcecode.swift; path = StoreItemView.swift; sourceTree = "<group>"; };
		D60AB23D2AB23D1300108148 /* StoresContainerView.swift */ = {isa = PBXFileReference; lastKnownFileType = sourcecode.swift; path = StoresContainerView.swift; sourceTree = "<group>"; };
		D60AB2412AB2585B00108148 /* StoreDetailView.swift */ = {isa = PBXFileReference; lastKnownFileType = sourcecode.swift; path = StoreDetailView.swift; sourceTree = "<group>"; };
		D60AB2432AB25DF800108148 /* StoreType.swift */ = {isa = PBXFileReference; lastKnownFileType = sourcecode.swift; path = StoreType.swift; sourceTree = "<group>"; };
		D60AB2452AB25E6700108148 /* ProductType.swift */ = {isa = PBXFileReference; lastKnownFileType = sourcecode.swift; path = ProductType.swift; sourceTree = "<group>"; };
		D60AB2492AB2B1B200108148 /* Double+.swift */ = {isa = PBXFileReference; lastKnownFileType = sourcecode.swift; path = "Double+.swift"; sourceTree = "<group>"; };
		D60AB24B2AB2EC1B00108148 /* ProductDetailview.swift */ = {isa = PBXFileReference; lastKnownFileType = sourcecode.swift; path = ProductDetailview.swift; sourceTree = "<group>"; };
		D60AB24F2AB3159200108148 /* CardInfoProductView.swift */ = {isa = PBXFileReference; lastKnownFileType = sourcecode.swift; path = CardInfoProductView.swift; sourceTree = "<group>"; };
		D60AB2512AB3171300108148 /* TextAndLogoView.swift */ = {isa = PBXFileReference; lastKnownFileType = sourcecode.swift; path = TextAndLogoView.swift; sourceTree = "<group>"; };
		D60AB2532AB3182400108148 /* AddressInfoView.swift */ = {isa = PBXFileReference; lastKnownFileType = sourcecode.swift; path = AddressInfoView.swift; sourceTree = "<group>"; };
		D60AB2572AB31EBE00108148 /* ProductDetailHeaderView.swift */ = {isa = PBXFileReference; lastKnownFileType = sourcecode.swift; path = ProductDetailHeaderView.swift; sourceTree = "<group>"; };
		D60AB2592AB31F7700108148 /* ProductDetailQuantityView.swift */ = {isa = PBXFileReference; lastKnownFileType = sourcecode.swift; path = ProductDetailQuantityView.swift; sourceTree = "<group>"; };
/* End PBXFileReference section */

/* Begin PBXFrameworksBuildPhase section */
		D60AB20E2AB1870E00108148 /* Frameworks */ = {
			isa = PBXFrameworksBuildPhase;
			buildActionMask = 2147483647;
			files = (
			);
			runOnlyForDeploymentPostprocessing = 0;
		};
/* End PBXFrameworksBuildPhase section */

/* Begin PBXGroup section */
		D60AB2082AB1870E00108148 = {
			isa = PBXGroup;
			children = (
				D60AB2132AB1870E00108148 /* ChefDelivery */,
				D60AB2122AB1870E00108148 /* Products */,
			);
			sourceTree = "<group>";
		};
		D60AB2122AB1870E00108148 /* Products */ = {
			isa = PBXGroup;
			children = (
				D60AB2112AB1870E00108148 /* ChefDelivery.app */,
			);
			name = Products;
			sourceTree = "<group>";
		};
		D60AB2132AB1870E00108148 /* ChefDelivery */ = {
			isa = PBXGroup;
			children = (
				D60AB2482AB2B19300108148 /* Extension */,
				D60AB23C2AB22C6E00108148 /* View */,
				D60AB22C2AB1BFD500108148 /* Model */,
				D60AB2242AB1A17700108148 /* App */,
				D60AB2182AB1871100108148 /* Assets.xcassets */,
				D60AB21A2AB1871100108148 /* Preview Content */,
			);
			path = ChefDelivery;
			sourceTree = "<group>";
		};
		D60AB21A2AB1871100108148 /* Preview Content */ = {
			isa = PBXGroup;
			children = (
				D60AB21B2AB1871100108148 /* Preview Assets.xcassets */,
			);
			path = "Preview Content";
			sourceTree = "<group>";
		};
		D60AB2242AB1A17700108148 /* App */ = {
			isa = PBXGroup;
			children = (
				D60AB2142AB1870E00108148 /* ChefDeliveryApp.swift */,
				D60AB2162AB1870E00108148 /* ContentView.swift */,
			);
			path = App;
			sourceTree = "<group>";
		};
		D60AB2262AB1A24C00108148 /* NavigationBar */ = {
			isa = PBXGroup;
			children = (
				D60AB2272AB1AB2800108148 /* NavigationBar.swift */,
			);
			path = NavigationBar;
			sourceTree = "<group>";
		};
		D60AB2292AB1B8B400108148 /* GridView */ = {
			isa = PBXGroup;
			children = (
				D60AB2312AB1CB8500108148 /* OrderTypeView.swift */,
				D60AB22A2AB1B91E00108148 /* OrderTypeGridView.swift */,
			);
			path = GridView;
			sourceTree = "<group>";
		};
		D60AB22C2AB1BFD500108148 /* Model */ = {
			isa = PBXGroup;
			children = (
				D60AB22D2AB1BFED00108148 /* OrderType.swift */,
				D60AB22F2AB1C0C600108148 /* DataSourceMock.swift */,
				D60AB2432AB25DF800108148 /* StoreType.swift */,
				D60AB2452AB25E6700108148 /* ProductType.swift */,
			);
			path = Model;
			sourceTree = "<group>";
		};
		D60AB2342AB1F21100108148 /* CarouselView */ = {
			isa = PBXGroup;
			children = (
				D60AB2352AB1F23300108148 /* CarouselItemView.swift */,
				D60AB2372AB1F71F00108148 /* CarouselTabView.swift */,
			);
			path = CarouselView;
			sourceTree = "<group>";
		};
		D60AB2392AB2016B00108148 /* StoresView */ = {
			isa = PBXGroup;
			children = (
				D60AB24E2AB3156500108148 /* Component */,
				D60AB23A2AB201AD00108148 /* StoreItemView.swift */,
				D60AB23D2AB23D1300108148 /* StoresContainerView.swift */,
				D60AB2412AB2585B00108148 /* StoreDetailView.swift */,
			);
			path = StoresView;
			sourceTree = "<group>";
		};
		D60AB23C2AB22C6E00108148 /* View */ = {
			isa = PBXGroup;
			children = (
				D60AB24D2AB3004300108148 /* ProductView */,
				D60AB2262AB1A24C00108148 /* NavigationBar */,
				D60AB2292AB1B8B400108148 /* GridView */,
				D60AB2392AB2016B00108148 /* StoresView */,
				D60AB2342AB1F21100108148 /* CarouselView */,
			);
			path = View;
			sourceTree = "<group>";
		};
		D60AB2482AB2B19300108148 /* Extension */ = {
			isa = PBXGroup;
			children = (
				D60AB2492AB2B1B200108148 /* Double+.swift */,
			);
			path = Extension;
			sourceTree = "<group>";
		};
		D60AB24D2AB3004300108148 /* ProductView */ = {
			isa = PBXGroup;
			children = (
				D60AB2562AB31E9600108148 /* Components */,
				D60AB24B2AB2EC1B00108148 /* ProductDetailview.swift */,
			);
			path = ProductView;
			sourceTree = "<group>";
		};
		D60AB24E2AB3156500108148 /* Component */ = {
			isa = PBXGroup;
			children = (
				D60AB24F2AB3159200108148 /* CardInfoProductView.swift */,
				D60AB2512AB3171300108148 /* TextAndLogoView.swift */,
				D60AB2532AB3182400108148 /* AddressInfoView.swift */,
			);
			path = Component;
			sourceTree = "<group>";
		};
		D60AB2562AB31E9600108148 /* Components */ = {
			isa = PBXGroup;
			children = (
				D60AB2572AB31EBE00108148 /* ProductDetailHeaderView.swift */,
				D60AB2592AB31F7700108148 /* ProductDetailQuantityView.swift */,
			);
			path = Components;
			sourceTree = "<group>";
		};
/* End PBXGroup section */

/* Begin PBXNativeTarget section */
		D60AB2102AB1870E00108148 /* ChefDelivery */ = {
			isa = PBXNativeTarget;
			buildConfigurationList = D60AB21F2AB1871100108148 /* Build configuration list for PBXNativeTarget "ChefDelivery" */;
			buildPhases = (
				D60AB20D2AB1870E00108148 /* Sources */,
				D60AB20E2AB1870E00108148 /* Frameworks */,
				D60AB20F2AB1870E00108148 /* Resources */,
			);
			buildRules = (
			);
			dependencies = (
			);
			name = ChefDelivery;
			productName = ChefDelivery;
			productReference = D60AB2112AB1870E00108148 /* ChefDelivery.app */;
			productType = "com.apple.product-type.application";
		};
/* End PBXNativeTarget section */

/* Begin PBXProject section */
		D60AB2092AB1870E00108148 /* Project object */ = {
			isa = PBXProject;
			attributes = {
				BuildIndependentTargetsInParallel = 1;
				LastSwiftUpdateCheck = 1430;
				LastUpgradeCheck = 1430;
				TargetAttributes = {
					D60AB2102AB1870E00108148 = {
						CreatedOnToolsVersion = 14.3.1;
					};
				};
			};
			buildConfigurationList = D60AB20C2AB1870E00108148 /* Build configuration list for PBXProject "ChefDelivery" */;
			compatibilityVersion = "Xcode 14.0";
			developmentRegion = en;
			hasScannedForEncodings = 0;
			knownRegions = (
				en,
				Base,
			);
			mainGroup = D60AB2082AB1870E00108148;
			productRefGroup = D60AB2122AB1870E00108148 /* Products */;
			projectDirPath = "";
			projectRoot = "";
			targets = (
				D60AB2102AB1870E00108148 /* ChefDelivery */,
			);
		};
/* End PBXProject section */

/* Begin PBXResourcesBuildPhase section */
		D60AB20F2AB1870E00108148 /* Resources */ = {
			isa = PBXResourcesBuildPhase;
			buildActionMask = 2147483647;
			files = (
				D60AB21C2AB1871100108148 /* Preview Assets.xcassets in Resources */,
				D60AB2192AB1871100108148 /* Assets.xcassets in Resources */,
			);
			runOnlyForDeploymentPostprocessing = 0;
		};
/* End PBXResourcesBuildPhase section */

/* Begin PBXSourcesBuildPhase section */
		D60AB20D2AB1870E00108148 /* Sources */ = {
			isa = PBXSourcesBuildPhase;
			buildActionMask = 2147483647;
			files = (
				D60AB2582AB31EBE00108148 /* ProductDetailHeaderView.swift in Sources */,
				D60AB22E2AB1BFED00108148 /* OrderType.swift in Sources */,
				D60AB24C2AB2EC1B00108148 /* ProductDetailview.swift in Sources */,
				D60AB2462AB25E6700108148 /* ProductType.swift in Sources */,
				D60AB2362AB1F23300108148 /* CarouselItemView.swift in Sources */,
				D60AB2172AB1870E00108148 /* ContentView.swift in Sources */,
				D60AB25A2AB31F7700108148 /* ProductDetailQuantityView.swift in Sources */,
				D60AB24A2AB2B1B200108148 /* Double+.swift in Sources */,
				D60AB2522AB3171300108148 /* TextAndLogoView.swift in Sources */,
				D60AB2302AB1C0C600108148 /* DataSourceMock.swift in Sources */,
				D60AB23E2AB23D1300108148 /* StoresContainerView.swift in Sources */,
				D60AB2322AB1CB8500108148 /* OrderTypeView.swift in Sources */,
				D60AB23B2AB201AD00108148 /* StoreItemView.swift in Sources */,
				D60AB2422AB2585B00108148 /* StoreDetailView.swift in Sources */,
				D60AB22B2AB1B91E00108148 /* OrderTypeGridView.swift in Sources */,
				D60AB2152AB1870E00108148 /* ChefDeliveryApp.swift in Sources */,
				D60AB2282AB1AB2800108148 /* NavigationBar.swift in Sources */,
				D60AB2542AB3182400108148 /* AddressInfoView.swift in Sources */,
				D60AB2442AB25DF800108148 /* StoreType.swift in Sources */,
				D60AB2502AB3159200108148 /* CardInfoProductView.swift in Sources */,
				D60AB2382AB1F71F00108148 /* CarouselTabView.swift in Sources */,
			);
			runOnlyForDeploymentPostprocessing = 0;
		};
/* End PBXSourcesBuildPhase section */

/* Begin XCBuildConfiguration section */
		D60AB21D2AB1871100108148 /* Debug */ = {
			isa = XCBuildConfiguration;
			buildSettings = {
				ALWAYS_SEARCH_USER_PATHS = NO;
				CLANG_ANALYZER_NONNULL = YES;
				CLANG_ANALYZER_NUMBER_OBJECT_CONVERSION = YES_AGGRESSIVE;
				CLANG_CXX_LANGUAGE_STANDARD = "gnu++20";
				CLANG_ENABLE_MODULES = YES;
				CLANG_ENABLE_OBJC_ARC = YES;
				CLANG_ENABLE_OBJC_WEAK = YES;
				CLANG_WARN_BLOCK_CAPTURE_AUTORELEASING = YES;
				CLANG_WARN_BOOL_CONVERSION = YES;
				CLANG_WARN_COMMA = YES;
				CLANG_WARN_CONSTANT_CONVERSION = YES;
				CLANG_WARN_DEPRECATED_OBJC_IMPLEMENTATIONS = YES;
				CLANG_WARN_DIRECT_OBJC_ISA_USAGE = YES_ERROR;
				CLANG_WARN_DOCUMENTATION_COMMENTS = YES;
				CLANG_WARN_EMPTY_BODY = YES;
				CLANG_WARN_ENUM_CONVERSION = YES;
				CLANG_WARN_INFINITE_RECURSION = YES;
				CLANG_WARN_INT_CONVERSION = YES;
				CLANG_WARN_NON_LITERAL_NULL_CONVERSION = YES;
				CLANG_WARN_OBJC_IMPLICIT_RETAIN_SELF = YES;
				CLANG_WARN_OBJC_LITERAL_CONVERSION = YES;
				CLANG_WARN_OBJC_ROOT_CLASS = YES_ERROR;
				CLANG_WARN_QUOTED_INCLUDE_IN_FRAMEWORK_HEADER = YES;
				CLANG_WARN_RANGE_LOOP_ANALYSIS = YES;
				CLANG_WARN_STRICT_PROTOTYPES = YES;
				CLANG_WARN_SUSPICIOUS_MOVE = YES;
				CLANG_WARN_UNGUARDED_AVAILABILITY = YES_AGGRESSIVE;
				CLANG_WARN_UNREACHABLE_CODE = YES;
				CLANG_WARN__DUPLICATE_METHOD_MATCH = YES;
				COPY_PHASE_STRIP = NO;
				DEBUG_INFORMATION_FORMAT = dwarf;
				ENABLE_STRICT_OBJC_MSGSEND = YES;
				ENABLE_TESTABILITY = YES;
				GCC_C_LANGUAGE_STANDARD = gnu11;
				GCC_DYNAMIC_NO_PIC = NO;
				GCC_NO_COMMON_BLOCKS = YES;
				GCC_OPTIMIZATION_LEVEL = 0;
				GCC_PREPROCESSOR_DEFINITIONS = (
					"DEBUG=1",
					"$(inherited)",
				);
				GCC_WARN_64_TO_32_BIT_CONVERSION = YES;
				GCC_WARN_ABOUT_RETURN_TYPE = YES_ERROR;
				GCC_WARN_UNDECLARED_SELECTOR = YES;
				GCC_WARN_UNINITIALIZED_AUTOS = YES_AGGRESSIVE;
				GCC_WARN_UNUSED_FUNCTION = YES;
				GCC_WARN_UNUSED_VARIABLE = YES;
				IPHONEOS_DEPLOYMENT_TARGET = 16.4;
				MTL_ENABLE_DEBUG_INFO = INCLUDE_SOURCE;
				MTL_FAST_MATH = YES;
				ONLY_ACTIVE_ARCH = YES;
				SDKROOT = iphoneos;
				SWIFT_ACTIVE_COMPILATION_CONDITIONS = DEBUG;
				SWIFT_OPTIMIZATION_LEVEL = "-Onone";
			};
			name = Debug;
		};
		D60AB21E2AB1871100108148 /* Release */ = {
			isa = XCBuildConfiguration;
			buildSettings = {
				ALWAYS_SEARCH_USER_PATHS = NO;
				CLANG_ANALYZER_NONNULL = YES;
				CLANG_ANALYZER_NUMBER_OBJECT_CONVERSION = YES_AGGRESSIVE;
				CLANG_CXX_LANGUAGE_STANDARD = "gnu++20";
				CLANG_ENABLE_MODULES = YES;
				CLANG_ENABLE_OBJC_ARC = YES;
				CLANG_ENABLE_OBJC_WEAK = YES;
				CLANG_WARN_BLOCK_CAPTURE_AUTORELEASING = YES;
				CLANG_WARN_BOOL_CONVERSION = YES;
				CLANG_WARN_COMMA = YES;
				CLANG_WARN_CONSTANT_CONVERSION = YES;
				CLANG_WARN_DEPRECATED_OBJC_IMPLEMENTATIONS = YES;
				CLANG_WARN_DIRECT_OBJC_ISA_USAGE = YES_ERROR;
				CLANG_WARN_DOCUMENTATION_COMMENTS = YES;
				CLANG_WARN_EMPTY_BODY = YES;
				CLANG_WARN_ENUM_CONVERSION = YES;
				CLANG_WARN_INFINITE_RECURSION = YES;
				CLANG_WARN_INT_CONVERSION = YES;
				CLANG_WARN_NON_LITERAL_NULL_CONVERSION = YES;
				CLANG_WARN_OBJC_IMPLICIT_RETAIN_SELF = YES;
				CLANG_WARN_OBJC_LITERAL_CONVERSION = YES;
				CLANG_WARN_OBJC_ROOT_CLASS = YES_ERROR;
				CLANG_WARN_QUOTED_INCLUDE_IN_FRAMEWORK_HEADER = YES;
				CLANG_WARN_RANGE_LOOP_ANALYSIS = YES;
				CLANG_WARN_STRICT_PROTOTYPES = YES;
				CLANG_WARN_SUSPICIOUS_MOVE = YES;
				CLANG_WARN_UNGUARDED_AVAILABILITY = YES_AGGRESSIVE;
				CLANG_WARN_UNREACHABLE_CODE = YES;
				CLANG_WARN__DUPLICATE_METHOD_MATCH = YES;
				COPY_PHASE_STRIP = NO;
				DEBUG_INFORMATION_FORMAT = "dwarf-with-dsym";
				ENABLE_NS_ASSERTIONS = NO;
				ENABLE_STRICT_OBJC_MSGSEND = YES;
				GCC_C_LANGUAGE_STANDARD = gnu11;
				GCC_NO_COMMON_BLOCKS = YES;
				GCC_WARN_64_TO_32_BIT_CONVERSION = YES;
				GCC_WARN_ABOUT_RETURN_TYPE = YES_ERROR;
				GCC_WARN_UNDECLARED_SELECTOR = YES;
				GCC_WARN_UNINITIALIZED_AUTOS = YES_AGGRESSIVE;
				GCC_WARN_UNUSED_FUNCTION = YES;
				GCC_WARN_UNUSED_VARIABLE = YES;
				IPHONEOS_DEPLOYMENT_TARGET = 16.4;
				MTL_ENABLE_DEBUG_INFO = NO;
				MTL_FAST_MATH = YES;
				SDKROOT = iphoneos;
				SWIFT_COMPILATION_MODE = wholemodule;
				SWIFT_OPTIMIZATION_LEVEL = "-O";
				VALIDATE_PRODUCT = YES;
			};
			name = Release;
		};
		D60AB2202AB1871100108148 /* Debug */ = {
			isa = XCBuildConfiguration;
			buildSettings = {
				ASSETCATALOG_COMPILER_APPICON_NAME = AppIcon;
				ASSETCATALOG_COMPILER_GLOBAL_ACCENT_COLOR_NAME = AccentColor;
				CODE_SIGN_STYLE = Automatic;
				CURRENT_PROJECT_VERSION = 1;
				DEVELOPMENT_ASSET_PATHS = "\"ChefDelivery/Preview Content\"";
				ENABLE_PREVIEWS = YES;
				GENERATE_INFOPLIST_FILE = YES;
				INFOPLIST_KEY_UIApplicationSceneManifest_Generation = YES;
				INFOPLIST_KEY_UIApplicationSupportsIndirectInputEvents = YES;
				INFOPLIST_KEY_UILaunchScreen_Generation = YES;
				INFOPLIST_KEY_UISupportedInterfaceOrientations_iPad = "UIInterfaceOrientationPortrait UIInterfaceOrientationPortraitUpsideDown UIInterfaceOrientationLandscapeLeft UIInterfaceOrientationLandscapeRight";
				INFOPLIST_KEY_UISupportedInterfaceOrientations_iPhone = "UIInterfaceOrientationPortrait UIInterfaceOrientationLandscapeLeft UIInterfaceOrientationLandscapeRight";
				LD_RUNPATH_SEARCH_PATHS = (
					"$(inherited)",
					"@executable_path/Frameworks",
				);
				MARKETING_VERSION = 1.0;
				PRODUCT_BUNDLE_IDENTIFIER = GoncalvesHigino.ChefDelivery;
				PRODUCT_NAME = "$(TARGET_NAME)";
				SWIFT_EMIT_LOC_STRINGS = YES;
				SWIFT_VERSION = 5.0;
				TARGETED_DEVICE_FAMILY = "1,2";
			};
			name = Debug;
		};
		D60AB2212AB1871100108148 /* Release */ = {
			isa = XCBuildConfiguration;
			buildSettings = {
				ASSETCATALOG_COMPILER_APPICON_NAME = AppIcon;
				ASSETCATALOG_COMPILER_GLOBAL_ACCENT_COLOR_NAME = AccentColor;
				CODE_SIGN_STYLE = Automatic;
				CURRENT_PROJECT_VERSION = 1;
				DEVELOPMENT_ASSET_PATHS = "\"ChefDelivery/Preview Content\"";
				ENABLE_PREVIEWS = YES;
				GENERATE_INFOPLIST_FILE = YES;
				INFOPLIST_KEY_UIApplicationSceneManifest_Generation = YES;
				INFOPLIST_KEY_UIApplicationSupportsIndirectInputEvents = YES;
				INFOPLIST_KEY_UILaunchScreen_Generation = YES;
				INFOPLIST_KEY_UISupportedInterfaceOrientations_iPad = "UIInterfaceOrientationPortrait UIInterfaceOrientationPortraitUpsideDown UIInterfaceOrientationLandscapeLeft UIInterfaceOrientationLandscapeRight";
				INFOPLIST_KEY_UISupportedInterfaceOrientations_iPhone = "UIInterfaceOrientationPortrait UIInterfaceOrientationLandscapeLeft UIInterfaceOrientationLandscapeRight";
				LD_RUNPATH_SEARCH_PATHS = (
					"$(inherited)",
					"@executable_path/Frameworks",
				);
				MARKETING_VERSION = 1.0;
				PRODUCT_BUNDLE_IDENTIFIER = GoncalvesHigino.ChefDelivery;
				PRODUCT_NAME = "$(TARGET_NAME)";
				SWIFT_EMIT_LOC_STRINGS = YES;
				SWIFT_VERSION = 5.0;
				TARGETED_DEVICE_FAMILY = "1,2";
			};
			name = Release;
		};
/* End XCBuildConfiguration section */

/* Begin XCConfigurationList section */
		D60AB20C2AB1870E00108148 /* Build configuration list for PBXProject "ChefDelivery" */ = {
			isa = XCConfigurationList;
			buildConfigurations = (
				D60AB21D2AB1871100108148 /* Debug */,
				D60AB21E2AB1871100108148 /* Release */,
			);
			defaultConfigurationIsVisible = 0;
			defaultConfigurationName = Release;
		};
		D60AB21F2AB1871100108148 /* Build configuration list for PBXNativeTarget "ChefDelivery" */ = {
			isa = XCConfigurationList;
			buildConfigurations = (
				D60AB2202AB1871100108148 /* Debug */,
				D60AB2212AB1871100108148 /* Release */,
			);
			defaultConfigurationIsVisible = 0;
			defaultConfigurationName = Release;
		};
/* End XCConfigurationList section */
	};
	rootObject = D60AB2092AB1870E00108148 /* Project object */;
}
